// !$*UTF8*$!
{
	archiveVersion = 1;
	classes = {
	};
	objectVersion = 50;
	objects = {

/* Begin PBXBuildFile section */
		3D35ECCA2365B35000BA2C4E /* AppDelegate.m in Sources */ = {isa = PBXBuildFile; fileRef = 3D35ECC92365B35000BA2C4E /* AppDelegate.m */; };
		3D35ECCD2365B35000BA2C4E /* ViewController.m in Sources */ = {isa = PBXBuildFile; fileRef = 3D35ECCC2365B35000BA2C4E /* ViewController.m */; };
		3D35ECD02365B35000BA2C4E /* Main.storyboard in Resources */ = {isa = PBXBuildFile; fileRef = 3D35ECCE2365B35000BA2C4E /* Main.storyboard */; };
		3D35ECD22365B35300BA2C4E /* Assets.xcassets in Resources */ = {isa = PBXBuildFile; fileRef = 3D35ECD12365B35300BA2C4E /* Assets.xcassets */; };
		3D35ECD52365B35300BA2C4E /* LaunchScreen.storyboard in Resources */ = {isa = PBXBuildFile; fileRef = 3D35ECD32365B35300BA2C4E /* LaunchScreen.storyboard */; };
		3D35ECD82365B35300BA2C4E /* main.m in Sources */ = {isa = PBXBuildFile; fileRef = 3D35ECD72365B35300BA2C4E /* main.m */; };
		3D35ECE02365B39400BA2C4E /* CalculatorView.m in Sources */ = {isa = PBXBuildFile; fileRef = 3D35ECDF2365B39400BA2C4E /* CalculatorView.m */; };
		3D35ECE22365BB8700BA2C4E /* Ceshi.py in Resources */ = {isa = PBXBuildFile; fileRef = 3D35ECE12365BB8700BA2C4E /* Ceshi.py */; };
		3DDCAF612369DF6400C1E087 /* README.md in Resources */ = {isa = PBXBuildFile; fileRef = 3DDCAF602369DF6400C1E087 /* README.md */; };
/* End PBXBuildFile section */

/* Begin PBXFileReference section */
		3D35ECC52365B35000BA2C4E /* LLDBDemo.app */ = {isa = PBXFileReference; explicitFileType = wrapper.application; includeInIndex = 0; path = LLDBDemo.app; sourceTree = BUILT_PRODUCTS_DIR; };
		3D35ECC82365B35000BA2C4E /* AppDelegate.h */ = {isa = PBXFileReference; lastKnownFileType = sourcecode.c.h; path = AppDelegate.h; sourceTree = "<group>"; };
		3D35ECC92365B35000BA2C4E /* AppDelegate.m */ = {isa = PBXFileReference; lastKnownFileType = sourcecode.c.objc; path = AppDelegate.m; sourceTree = "<group>"; };
		3D35ECCB2365B35000BA2C4E /* ViewController.h */ = {isa = PBXFileReference; lastKnownFileType = sourcecode.c.h; path = ViewController.h; sourceTree = "<group>"; };
		3D35ECCC2365B35000BA2C4E /* ViewController.m */ = {isa = PBXFileReference; lastKnownFileType = sourcecode.c.objc; path = ViewController.m; sourceTree = "<group>"; wrapsLines = 0; };
		3D35ECCF2365B35000BA2C4E /* Base */ = {isa = PBXFileReference; lastKnownFileType = file.storyboard; name = Base; path = Base.lproj/Main.storyboard; sourceTree = "<group>"; };
		3D35ECD12365B35300BA2C4E /* Assets.xcassets */ = {isa = PBXFileReference; lastKnownFileType = folder.assetcatalog; path = Assets.xcassets; sourceTree = "<group>"; };
		3D35ECD42365B35300BA2C4E /* Base */ = {isa = PBXFileReference; lastKnownFileType = file.storyboard; name = Base; path = Base.lproj/LaunchScreen.storyboard; sourceTree = "<group>"; };
		3D35ECD62365B35300BA2C4E /* Info.plist */ = {isa = PBXFileReference; lastKnownFileType = text.plist.xml; path = Info.plist; sourceTree = "<group>"; };
		3D35ECD72365B35300BA2C4E /* main.m */ = {isa = PBXFileReference; lastKnownFileType = sourcecode.c.objc; path = main.m; sourceTree = "<group>"; };
		3D35ECDE2365B39400BA2C4E /* CalculatorView.h */ = {isa = PBXFileReference; lastKnownFileType = sourcecode.c.h; path = CalculatorView.h; sourceTree = "<group>"; };
		3D35ECDF2365B39400BA2C4E /* CalculatorView.m */ = {isa = PBXFileReference; lastKnownFileType = sourcecode.c.objc; path = CalculatorView.m; sourceTree = "<group>"; };
		3D35ECE12365BB8700BA2C4E /* Ceshi.py */ = {isa = PBXFileReference; lastKnownFileType = text.script.python; path = Ceshi.py; sourceTree = "<group>"; };
		3DDCAF602369DF6400C1E087 /* README.md */ = {isa = PBXFileReference; lastKnownFileType = net.daringfireball.markdown; path = README.md; sourceTree = "<group>"; };
/* End PBXFileReference section */

/* Begin PBXFrameworksBuildPhase section */
		3D35ECC22365B35000BA2C4E /* Frameworks */ = {
			isa = PBXFrameworksBuildPhase;
			buildActionMask = 2147483647;
			files = (
			);
			runOnlyForDeploymentPostprocessing = 0;
		};
/* End PBXFrameworksBuildPhase section */

/* Begin PBXGroup section */
		3D35ECBC2365B35000BA2C4E = {
			isa = PBXGroup;
			children = (
				3D35ECC72365B35000BA2C4E /* LLDBDemo */,
				3D35ECC62365B35000BA2C4E /* Products */,
			);
			sourceTree = "<group>";
		};
		3D35ECC62365B35000BA2C4E /* Products */ = {
			isa = PBXGroup;
			children = (
				3D35ECC52365B35000BA2C4E /* LLDBDemo.app */,
			);
			name = Products;
			sourceTree = "<group>";
		};
		3D35ECC72365B35000BA2C4E /* LLDBDemo */ = {
			isa = PBXGroup;
			children = (
				3D35ECC82365B35000BA2C4E /* AppDelegate.h */,
				3D35ECC92365B35000BA2C4E /* AppDelegate.m */,
				3D35ECCB2365B35000BA2C4E /* ViewController.h */,
				3D35ECCC2365B35000BA2C4E /* ViewController.m */,
				3D35ECCE2365B35000BA2C4E /* Main.storyboard */,
				3D35ECD12365B35300BA2C4E /* Assets.xcassets */,
				3D35ECD32365B35300BA2C4E /* LaunchScreen.storyboard */,
				3D35ECD62365B35300BA2C4E /* Info.plist */,
				3D35ECD72365B35300BA2C4E /* main.m */,
				3D35ECDE2365B39400BA2C4E /* CalculatorView.h */,
				3D35ECDF2365B39400BA2C4E /* CalculatorView.m */,
				3D35ECE12365BB8700BA2C4E /* Ceshi.py */,
				3DDCAF602369DF6400C1E087 /* README.md */,
			);
			path = LLDBDemo;
			sourceTree = "<group>";
		};
/* End PBXGroup section */

/* Begin PBXNativeTarget section */
		3D35ECC42365B35000BA2C4E /* LLDBDemo */ = {
			isa = PBXNativeTarget;
			buildConfigurationList = 3D35ECDB2365B35300BA2C4E /* Build configuration list for PBXNativeTarget "LLDBDemo" */;
			buildPhases = (
				3D35ECC12365B35000BA2C4E /* Sources */,
				3D35ECC22365B35000BA2C4E /* Frameworks */,
				3D35ECC32365B35000BA2C4E /* Resources */,
			);
			buildRules = (
			);
			dependencies = (
			);
			name = LLDBDemo;
			productName = LLDBDemo;
			productReference = 3D35ECC52365B35000BA2C4E /* LLDBDemo.app */;
			productType = "com.apple.product-type.application";
		};
/* End PBXNativeTarget section */

/* Begin PBXProject section */
		3D35ECBD2365B35000BA2C4E /* Project object */ = {
			isa = PBXProject;
			attributes = {
				LastUpgradeCheck = 1030;
				ORGANIZATIONNAME = "贺文杰";
				TargetAttributes = {
					3D35ECC42365B35000BA2C4E = {
						CreatedOnToolsVersion = 10.3;
					};
				};
			};
			buildConfigurationList = 3D35ECC02365B35000BA2C4E /* Build configuration list for PBXProject "LLDBDemo" */;
			compatibilityVersion = "Xcode 9.3";
			developmentRegion = en;
			hasScannedForEncodings = 0;
			knownRegions = (
				en,
				Base,
			);
			mainGroup = 3D35ECBC2365B35000BA2C4E;
			productRefGroup = 3D35ECC62365B35000BA2C4E /* Products */;
			projectDirPath = "";
			projectRoot = "";
			targets = (
				3D35ECC42365B35000BA2C4E /* LLDBDemo */,
			);
		};
/* End PBXProject section */

/* Begin PBXResourcesBuildPhase section */
		3D35ECC32365B35000BA2C4E /* Resources */ = {
			isa = PBXResourcesBuildPhase;
			buildActionMask = 2147483647;
			files = (
				3D35ECD52365B35300BA2C4E /* LaunchScreen.storyboard in Resources */,
				3D35ECD22365B35300BA2C4E /* Assets.xcassets in Resources */,
				3DDCAF612369DF6400C1E087 /* README.md in Resources */,
				3D35ECD02365B35000BA2C4E /* Main.storyboard in Resources */,
				3D35ECE22365BB8700BA2C4E /* Ceshi.py in Resources */,
			);
			runOnlyForDeploymentPostprocessing = 0;
		};
/* End PBXResourcesBuildPhase section */

/* Begin PBXSourcesBuildPhase section */
		3D35ECC12365B35000BA2C4E /* Sources */ = {
			isa = PBXSourcesBuildPhase;
			buildActionMask = 2147483647;
			files = (
				3D35ECE02365B39400BA2C4E /* CalculatorView.m in Sources */,
				3D35ECCD2365B35000BA2C4E /* ViewController.m in Sources */,
				3D35ECD82365B35300BA2C4E /* main.m in Sources */,
				3D35ECCA2365B35000BA2C4E /* AppDelegate.m in Sources */,
			);
			runOnlyForDeploymentPostprocessing = 0;
		};
/* End PBXSourcesBuildPhase section */

/* Begin PBXVariantGroup section */
		3D35ECCE2365B35000BA2C4E /* Main.storyboard */ = {
			isa = PBXVariantGroup;
			children = (
				3D35ECCF2365B35000BA2C4E /* Base */,
			);
			name = Main.storyboard;
			sourceTree = "<group>";
		};
		3D35ECD32365B35300BA2C4E /* LaunchScreen.storyboard */ = {
			isa = PBXVariantGroup;
			children = (
				3D35ECD42365B35300BA2C4E /* Base */,
			);
			name = LaunchScreen.storyboard;
			sourceTree = "<group>";
		};
/* End PBXVariantGroup section */

/* Begin XCBuildConfiguration section */
		3D35ECD92365B35300BA2C4E /* Debug */ = {
			isa = XCBuildConfiguration;
			buildSettings = {
				ALWAYS_SEARCH_USER_PATHS = NO;
				CLANG_ANALYZER_NONNULL = YES;
				CLANG_ANALYZER_NUMBER_OBJECT_CONVERSION = YES_AGGRESSIVE;
				CLANG_CXX_LANGUAGE_STANDARD = "gnu++14";
				CLANG_CXX_LIBRARY = "libc++";
				CLANG_ENABLE_MODULES = YES;
				CLANG_ENABLE_OBJC_ARC = YES;
				CLANG_ENABLE_OBJC_WEAK = YES;
				CLANG_WARN_BLOCK_CAPTURE_AUTORELEASING = YES;
				CLANG_WARN_BOOL_CONVERSION = YES;
				CLANG_WARN_COMMA = YES;
				CLANG_WARN_CONSTANT_CONVERSION = YES;
				CLANG_WARN_DEPRECATED_OBJC_IMPLEMENTATIONS = YES;
				CLANG_WARN_DIRECT_OBJC_ISA_USAGE = YES_ERROR;
				CLANG_WARN_DOCUMENTATION_COMMENTS = YES;
				CLANG_WARN_EMPTY_BODY = YES;
				CLANG_WARN_ENUM_CONVERSION = YES;
				CLANG_WARN_INFINITE_RECURSION = YES;
				CLANG_WARN_INT_CONVERSION = YES;
				CLANG_WARN_NON_LITERAL_NULL_CONVERSION = YES;
				CLANG_WARN_OBJC_IMPLICIT_RETAIN_SELF = YES;
				CLANG_WARN_OBJC_LITERAL_CONVERSION = YES;
				CLANG_WARN_OBJC_ROOT_CLASS = YES_ERROR;
				CLANG_WARN_RANGE_LOOP_ANALYSIS = YES;
				CLANG_WARN_STRICT_PROTOTYPES = YES;
				CLANG_WARN_SUSPICIOUS_MOVE = YES;
				CLANG_WARN_UNGUARDED_AVAILABILITY = YES_AGGRESSIVE;
				CLANG_WARN_UNREACHABLE_CODE = YES;
				CLANG_WARN__DUPLICATE_METHOD_MATCH = YES;
				CODE_SIGN_IDENTITY = "iPhone Developer";
				COPY_PHASE_STRIP = NO;
				DEBUG_INFORMATION_FORMAT = dwarf;
				ENABLE_STRICT_OBJC_MSGSEND = YES;
				ENABLE_TESTABILITY = YES;
				GCC_C_LANGUAGE_STANDARD = gnu11;
				GCC_DYNAMIC_NO_PIC = NO;
				GCC_NO_COMMON_BLOCKS = YES;
				GCC_OPTIMIZATION_LEVEL = 0;
				GCC_PREPROCESSOR_DEFINITIONS = (
					"DEBUG=1",
					"$(inherited)",
				);
				GCC_WARN_64_TO_32_BIT_CONVERSION = YES;
				GCC_WARN_ABOUT_RETURN_TYPE = YES_ERROR;
				GCC_WARN_UNDECLARED_SELECTOR = YES;
				GCC_WARN_UNINITIALIZED_AUTOS = YES_AGGRESSIVE;
				GCC_WARN_UNUSED_FUNCTION = YES;
				GCC_WARN_UNUSED_VARIABLE = YES;
				IPHONEOS_DEPLOYMENT_TARGET = 12.4;
				MTL_ENABLE_DEBUG_INFO = INCLUDE_SOURCE;
				MTL_FAST_MATH = YES;
				ONLY_ACTIVE_ARCH = YES;
				SDKROOT = iphoneos;
			};
			name = Debug;
		};
		3D35ECDA2365B35300BA2C4E /* Release */ = {
			isa = XCBuildConfiguration;
			buildSettings = {
				ALWAYS_SEARCH_USER_PATHS = NO;
				CLANG_ANALYZER_NONNULL = YES;
				CLANG_ANALYZER_NUMBER_OBJECT_CONVERSION = YES_AGGRESSIVE;
				CLANG_CXX_LANGUAGE_STANDARD = "gnu++14";
				CLANG_CXX_LIBRARY = "libc++";
				CLANG_ENABLE_MODULES = YES;
				CLANG_ENABLE_OBJC_ARC = YES;
				CLANG_ENABLE_OBJC_WEAK = YES;
				CLANG_WARN_BLOCK_CAPTURE_AUTORELEASING = YES;
				CLANG_WARN_BOOL_CONVERSION = YES;
				CLANG_WARN_COMMA = YES;
				CLANG_WARN_CONSTANT_CONVERSION = YES;
				CLANG_WARN_DEPRECATED_OBJC_IMPLEMENTATIONS = YES;
				CLANG_WARN_DIRECT_OBJC_ISA_USAGE = YES_ERROR;
				CLANG_WARN_DOCUMENTATION_COMMENTS = YES;
				CLANG_WARN_EMPTY_BODY = YES;
				CLANG_WARN_ENUM_CONVERSION = YES;
				CLANG_WARN_INFINITE_RECURSION = YES;
				CLANG_WARN_INT_CONVERSION = YES;
				CLANG_WARN_NON_LITERAL_NULL_CONVERSION = YES;
				CLANG_WARN_OBJC_IMPLICIT_RETAIN_SELF = YES;
				CLANG_WARN_OBJC_LITERAL_CONVERSION = YES;
				CLANG_WARN_OBJC_ROOT_CLASS = YES_ERROR;
				CLANG_WARN_RANGE_LOOP_ANALYSIS = YES;
				CLANG_WARN_STRICT_PROTOTYPES = YES;
				CLANG_WARN_SUSPICIOUS_MOVE = YES;
				CLANG_WARN_UNGUARDED_AVAILABILITY = YES_AGGRESSIVE;
				CLANG_WARN_UNREACHABLE_CODE = YES;
				CLANG_WARN__DUPLICATE_METHOD_MATCH = YES;
				CODE_SIGN_IDENTITY = "iPhone Developer";
				COPY_PHASE_STRIP = NO;
				DEBUG_INFORMATION_FORMAT = "dwarf-with-dsym";
				ENABLE_NS_ASSERTIONS = NO;
				ENABLE_STRICT_OBJC_MSGSEND = YES;
				GCC_C_LANGUAGE_STANDARD = gnu11;
				GCC_NO_COMMON_BLOCKS = YES;
				GCC_WARN_64_TO_32_BIT_CONVERSION = YES;
				GCC_WARN_ABOUT_RETURN_TYPE = YES_ERROR;
				GCC_WARN_UNDECLARED_SELECTOR = YES;
				GCC_WARN_UNINITIALIZED_AUTOS = YES_AGGRESSIVE;
				GCC_WARN_UNUSED_FUNCTION = YES;
				GCC_WARN_UNUSED_VARIABLE = YES;
				IPHONEOS_DEPLOYMENT_TARGET = 12.4;
				MTL_ENABLE_DEBUG_INFO = NO;
				MTL_FAST_MATH = YES;
				SDKROOT = iphoneos;
				VALIDATE_PRODUCT = YES;
			};
			name = Release;
		};
		3D35ECDC2365B35300BA2C4E /* Debug */ = {
			isa = XCBuildConfiguration;
			buildSettings = {
				ASSETCATALOG_COMPILER_APPICON_NAME = AppIcon;
				CODE_SIGN_STYLE = Automatic;
				INFOPLIST_FILE = LLDBDemo/Info.plist;
				LD_RUNPATH_SEARCH_PATHS = (
					"$(inherited)",
					"@executable_path/Frameworks",
				);
				PRODUCT_BUNDLE_IDENTIFIER = com.hwj.LLDBDemo;
				PRODUCT_NAME = "$(TARGET_NAME)";
				TARGETED_DEVICE_FAMILY = "1,2";
			};
			name = Debug;
		};
		3D35ECDD2365B35300BA2C4E /* Release */ = {
			isa = XCBuildConfiguration;
			buildSettings = {
				ASSETCATALOG_COMPILER_APPICON_NAME = AppIcon;
				CODE_SIGN_STYLE = Automatic;
				INFOPLIST_FILE = LLDBDemo/Info.plist;
				LD_RUNPATH_SEARCH_PATHS = (
					"$(inherited)",
					"@executable_path/Frameworks",
				);
				PRODUCT_BUNDLE_IDENTIFIER = com.hwj.LLDBDemo;
				PRODUCT_NAME = "$(TARGET_NAME)";
				TARGETED_DEVICE_FAMILY = "1,2";
			};
			name = Release;
		};
/* End XCBuildConfiguration section */

/* Begin XCConfigurationList section */
		3D35ECC02365B35000BA2C4E /* Build configuration list for PBXProject "LLDBDemo" */ = {
			isa = XCConfigurationList;
			buildConfigurations = (
				3D35ECD92365B35300BA2C4E /* Debug */,
				3D35ECDA2365B35300BA2C4E /* Release */,
			);
			defaultConfigurationIsVisible = 0;
			defaultConfigurationName = Release;
		};
		3D35ECDB2365B35300BA2C4E /* Build configuration list for PBXNativeTarget "LLDBDemo" */ = {
			isa = XCConfigurationList;
			buildConfigurations = (
				3D35ECDC2365B35300BA2C4E /* Debug */,
				3D35ECDD2365B35300BA2C4E /* Release */,
			);
			defaultConfigurationIsVisible = 0;
			defaultConfigurationName = Release;
		};
/* End XCConfigurationList section */
	};
	rootObject = 3D35ECBD2365B35000BA2C4E /* Project object */;
}
